
Microsoft Visual Studio Solution File, Format Version 12.00
# Visual Studio 2013
VisualStudioVersion = 12.0.30723.0
MinimumVisualStudioVersion = 10.0.40219.1
Project("{FAE04EC0-301F-11D3-BF4B-00C04F79EFBC}") = "Danel.X.Web.PortfolioApp", "Danel.X.Web.PortfolioApp.csproj", "{A00E3F8C-5E40-4E48-B961-9F7C41FC4B32}"
EndProject
Global
	GlobalSection(TeamFoundationVersionControl) = preSolution
		SccNumberOfProjects = 2
		SccEnterpriseProvider = {4CA58AB2-18FA-4F8D-95D4-32DDF27D184C}
		SccTeamFoundationServer = http://danel-ts:8080/tfs/defaultcollection
		SccLocalPath0 = .
		SccProjectUniqueName1 = Danel.X.Web.PortfolioApp.csproj
		SccLocalPath1 = .
	EndGlobalSection
	GlobalSection(SolutionConfigurationPlatforms) = preSolution
		Debug|Any CPU = Debug|Any CPU
		Release|Any CPU = Release|Any CPU
	EndGlobalSection
	GlobalSection(ProjectConfigurationPlatforms) = postSolution
		{A00E3F8C-5E40-4E48-B961-9F7C41FC4B32}.Debug|Any CPU.ActiveCfg = Debug|Any CPU
		{A00E3F8C-5E40-4E48-B961-9F7C41FC4B32}.Debug|Any CPU.Build.0 = Debug|Any CPU
		{A00E3F8C-5E40-4E48-B961-9F7C41FC4B32}.Release|Any CPU.ActiveCfg = Release|Any CPU
		{A00E3F8C-5E40-4E48-B961-9F7C41FC4B32}.Release|Any CPU.Build.0 = Release|Any CPU
	EndGlobalSection
	GlobalSection(SolutionProperties) = preSolution
		HideSolutionNode = FALSE
	EndGlobalSection
EndGlobal
